// !$*UTF8*$!
{
	archiveVersion = 1;
	classes = {
	};
	objectVersion = 50;
	objects = {

/* Begin PBXBuildFile section */
		CE841A1120EE1B010058B5D4 /* AppDelegate.swift in Sources */ = {isa = PBXBuildFile; fileRef = CE841A1020EE1B010058B5D4 /* AppDelegate.swift */; };
		CE841A1320EE1B010058B5D4 /* ViewController.swift in Sources */ = {isa = PBXBuildFile; fileRef = CE841A1220EE1B010058B5D4 /* ViewController.swift */; };
		CE841A1620EE1B010058B5D4 /* Main.storyboard in Resources */ = {isa = PBXBuildFile; fileRef = CE841A1420EE1B010058B5D4 /* Main.storyboard */; };
		CE841A1820EE1B020058B5D4 /* Assets.xcassets in Resources */ = {isa = PBXBuildFile; fileRef = CE841A1720EE1B020058B5D4 /* Assets.xcassets */; };
		CE841A1B20EE1B020058B5D4 /* LaunchScreen.storyboard in Resources */ = {isa = PBXBuildFile; fileRef = CE841A1920EE1B020058B5D4 /* LaunchScreen.storyboard */; };
		CE841A2620EE1B020058B5D4 /* QuizTests.swift in Sources */ = {isa = PBXBuildFile; fileRef = CE841A2520EE1B020058B5D4 /* QuizTests.swift */; };
		CE841A3120EE1B020058B5D4 /* QuizUITests.swift in Sources */ = {isa = PBXBuildFile; fileRef = CE841A3020EE1B020058B5D4 /* QuizUITests.swift */; };
/* End PBXBuildFile section */

/* Begin PBXContainerItemProxy section */
		CE841A2220EE1B020058B5D4 /* PBXContainerItemProxy */ = {
			isa = PBXContainerItemProxy;
			containerPortal = CE841A0520EE1B010058B5D4 /* Project object */;
			proxyType = 1;
			remoteGlobalIDString = CE841A0C20EE1B010058B5D4;
			remoteInfo = Quiz;
		};
		CE841A2D20EE1B020058B5D4 /* PBXContainerItemProxy */ = {
			isa = PBXContainerItemProxy;
			containerPortal = CE841A0520EE1B010058B5D4 /* Project object */;
			proxyType = 1;
			remoteGlobalIDString = CE841A0C20EE1B010058B5D4;
			remoteInfo = Quiz;
		};
/* End PBXContainerItemProxy section */

/* Begin PBXFileReference section */
		CE841A0D20EE1B010058B5D4 /* Quiz.app */ = {isa = PBXFileReference; explicitFileType = wrapper.application; includeInIndex = 0; path = Quiz.app; sourceTree = BUILT_PRODUCTS_DIR; };
		CE841A1020EE1B010058B5D4 /* AppDelegate.swift */ = {isa = PBXFileReference; lastKnownFileType = sourcecode.swift; path = AppDelegate.swift; sourceTree = "<group>"; };
		CE841A1220EE1B010058B5D4 /* ViewController.swift */ = {isa = PBXFileReference; lastKnownFileType = sourcecode.swift; path = ViewController.swift; sourceTree = "<group>"; };
		CE841A1520EE1B010058B5D4 /* Base */ = {isa = PBXFileReference; lastKnownFileType = file.storyboard; name = Base; path = Base.lproj/Main.storyboard; sourceTree = "<group>"; };
		CE841A1720EE1B020058B5D4 /* Assets.xcassets */ = {isa = PBXFileReference; lastKnownFileType = folder.assetcatalog; path = Assets.xcassets; sourceTree = "<group>"; };
		CE841A1A20EE1B020058B5D4 /* Base */ = {isa = PBXFileReference; lastKnownFileType = file.storyboard; name = Base; path = Base.lproj/LaunchScreen.storyboard; sourceTree = "<group>"; };
		CE841A1C20EE1B020058B5D4 /* Info.plist */ = {isa = PBXFileReference; lastKnownFileType = text.plist.xml; path = Info.plist; sourceTree = "<group>"; };
		CE841A2120EE1B020058B5D4 /* QuizTests.xctest */ = {isa = PBXFileReference; explicitFileType = wrapper.cfbundle; includeInIndex = 0; path = QuizTests.xctest; sourceTree = BUILT_PRODUCTS_DIR; };
		CE841A2520EE1B020058B5D4 /* QuizTests.swift */ = {isa = PBXFileReference; lastKnownFileType = sourcecode.swift; path = QuizTests.swift; sourceTree = "<group>"; };
		CE841A2720EE1B020058B5D4 /* Info.plist */ = {isa = PBXFileReference; lastKnownFileType = text.plist.xml; path = Info.plist; sourceTree = "<group>"; };
		CE841A2C20EE1B020058B5D4 /* QuizUITests.xctest */ = {isa = PBXFileReference; explicitFileType = wrapper.cfbundle; includeInIndex = 0; path = QuizUITests.xctest; sourceTree = BUILT_PRODUCTS_DIR; };
		CE841A3020EE1B020058B5D4 /* QuizUITests.swift */ = {isa = PBXFileReference; lastKnownFileType = sourcecode.swift; path = QuizUITests.swift; sourceTree = "<group>"; };
		CE841A3220EE1B020058B5D4 /* Info.plist */ = {isa = PBXFileReference; lastKnownFileType = text.plist.xml; path = Info.plist; sourceTree = "<group>"; };
/* End PBXFileReference section */

/* Begin PBXFrameworksBuildPhase section */
		CE841A0A20EE1B010058B5D4 /* Frameworks */ = {
			isa = PBXFrameworksBuildPhase;
			buildActionMask = 2147483647;
			files = (
			);
			runOnlyForDeploymentPostprocessing = 0;
		};
		CE841A1E20EE1B020058B5D4 /* Frameworks */ = {
			isa = PBXFrameworksBuildPhase;
			buildActionMask = 2147483647;
			files = (
			);
			runOnlyForDeploymentPostprocessing = 0;
		};
		CE841A2920EE1B020058B5D4 /* Frameworks */ = {
			isa = PBXFrameworksBuildPhase;
			buildActionMask = 2147483647;
			files = (
			);
			runOnlyForDeploymentPostprocessing = 0;
		};
/* End PBXFrameworksBuildPhase section */

/* Begin PBXGroup section */
		CE841A0420EE1B010058B5D4 = {
			isa = PBXGroup;
			children = (
				CE841A0F20EE1B010058B5D4 /* Quiz */,
				CE841A2420EE1B020058B5D4 /* QuizTests */,
				CE841A2F20EE1B020058B5D4 /* QuizUITests */,
				CE841A0E20EE1B010058B5D4 /* Products */,
			);
			sourceTree = "<group>";
		};
		CE841A0E20EE1B010058B5D4 /* Products */ = {
			isa = PBXGroup;
			children = (
				CE841A0D20EE1B010058B5D4 /* Quiz.app */,
				CE841A2120EE1B020058B5D4 /* QuizTests.xctest */,
				CE841A2C20EE1B020058B5D4 /* QuizUITests.xctest */,
			);
			name = Products;
			sourceTree = "<group>";
		};
		CE841A0F20EE1B010058B5D4 /* Quiz */ = {
			isa = PBXGroup;
			children = (
				CE841A1020EE1B010058B5D4 /* AppDelegate.swift */,
				CE841A1220EE1B010058B5D4 /* ViewController.swift */,
				CE841A1420EE1B010058B5D4 /* Main.storyboard */,
				CE841A1720EE1B020058B5D4 /* Assets.xcassets */,
				CE841A1920EE1B020058B5D4 /* LaunchScreen.storyboard */,
				CE841A1C20EE1B020058B5D4 /* Info.plist */,
			);
			path = Quiz;
			sourceTree = "<group>";
		};
		CE841A2420EE1B020058B5D4 /* QuizTests */ = {
			isa = PBXGroup;
			children = (
				CE841A2520EE1B020058B5D4 /* QuizTests.swift */,
				CE841A2720EE1B020058B5D4 /* Info.plist */,
			);
			path = QuizTests;
			sourceTree = "<group>";
		};
		CE841A2F20EE1B020058B5D4 /* QuizUITests */ = {
			isa = PBXGroup;
			children = (
				CE841A3020EE1B020058B5D4 /* QuizUITests.swift */,
				CE841A3220EE1B020058B5D4 /* Info.plist */,
			);
			path = QuizUITests;
			sourceTree = "<group>";
		};
/* End PBXGroup section */

/* Begin PBXNativeTarget section */
		CE841A0C20EE1B010058B5D4 /* Quiz */ = {
			isa = PBXNativeTarget;
			buildConfigurationList = CE841A3520EE1B020058B5D4 /* Build configuration list for PBXNativeTarget "Quiz" */;
			buildPhases = (
				CE841A0920EE1B010058B5D4 /* Sources */,
				CE841A0A20EE1B010058B5D4 /* Frameworks */,
				CE841A0B20EE1B010058B5D4 /* Resources */,
			);
			buildRules = (
			);
			dependencies = (
			);
			name = Quiz;
			productName = Quiz;
			productReference = CE841A0D20EE1B010058B5D4 /* Quiz.app */;
			productType = "com.apple.product-type.application";
		};
		CE841A2020EE1B020058B5D4 /* QuizTests */ = {
			isa = PBXNativeTarget;
			buildConfigurationList = CE841A3820EE1B020058B5D4 /* Build configuration list for PBXNativeTarget "QuizTests" */;
			buildPhases = (
				CE841A1D20EE1B020058B5D4 /* Sources */,
				CE841A1E20EE1B020058B5D4 /* Frameworks */,
				CE841A1F20EE1B020058B5D4 /* Resources */,
			);
			buildRules = (
			);
			dependencies = (
				CE841A2320EE1B020058B5D4 /* PBXTargetDependency */,
			);
			name = QuizTests;
			productName = QuizTests;
			productReference = CE841A2120EE1B020058B5D4 /* QuizTests.xctest */;
			productType = "com.apple.product-type.bundle.unit-test";
		};
		CE841A2B20EE1B020058B5D4 /* QuizUITests */ = {
			isa = PBXNativeTarget;
			buildConfigurationList = CE841A3B20EE1B020058B5D4 /* Build configuration list for PBXNativeTarget "QuizUITests" */;
			buildPhases = (
				CE841A2820EE1B020058B5D4 /* Sources */,
				CE841A2920EE1B020058B5D4 /* Frameworks */,
				CE841A2A20EE1B020058B5D4 /* Resources */,
			);
			buildRules = (
			);
			dependencies = (
				CE841A2E20EE1B020058B5D4 /* PBXTargetDependency */,
			);
			name = QuizUITests;
			productName = QuizUITests;
			productReference = CE841A2C20EE1B020058B5D4 /* QuizUITests.xctest */;
			productType = "com.apple.product-type.bundle.ui-testing";
		};
/* End PBXNativeTarget section */

/* Begin PBXProject section */
		CE841A0520EE1B010058B5D4 /* Project object */ = {
			isa = PBXProject;
			attributes = {
				LastSwiftUpdateCheck = 0940;
				LastUpgradeCheck = 0940;
				ORGANIZATIONNAME = yeongho;
				TargetAttributes = {
					CE841A0C20EE1B010058B5D4 = {
						CreatedOnToolsVersion = 9.4.1;
					};
					CE841A2020EE1B020058B5D4 = {
						CreatedOnToolsVersion = 9.4.1;
						TestTargetID = CE841A0C20EE1B010058B5D4;
					};
					CE841A2B20EE1B020058B5D4 = {
						CreatedOnToolsVersion = 9.4.1;
						TestTargetID = CE841A0C20EE1B010058B5D4;
					};
				};
			};
			buildConfigurationList = CE841A0820EE1B010058B5D4 /* Build configuration list for PBXProject "Quiz" */;
			compatibilityVersion = "Xcode 9.3";
			developmentRegion = en;
			hasScannedForEncodings = 0;
			knownRegions = (
				en,
				Base,
			);
			mainGroup = CE841A0420EE1B010058B5D4;
			productRefGroup = CE841A0E20EE1B010058B5D4 /* Products */;
			projectDirPath = "";
			projectRoot = "";
			targets = (
				CE841A0C20EE1B010058B5D4 /* Quiz */,
				CE841A2020EE1B020058B5D4 /* QuizTests */,
				CE841A2B20EE1B020058B5D4 /* QuizUITests */,
			);
		};
/* End PBXProject section */

/* Begin PBXResourcesBuildPhase section */
		CE841A0B20EE1B010058B5D4 /* Resources */ = {
			isa = PBXResourcesBuildPhase;
			buildActionMask = 2147483647;
			files = (
				CE841A1B20EE1B020058B5D4 /* LaunchScreen.storyboard in Resources */,
				CE841A1820EE1B020058B5D4 /* Assets.xcassets in Resources */,
				CE841A1620EE1B010058B5D4 /* Main.storyboard in Resources */,
			);
			runOnlyForDeploymentPostprocessing = 0;
		};
		CE841A1F20EE1B020058B5D4 /* Resources */ = {
			isa = PBXResourcesBuildPhase;
			buildActionMask = 2147483647;
			files = (
			);
			runOnlyForDeploymentPostprocessing = 0;
		};
		CE841A2A20EE1B020058B5D4 /* Resources */ = {
			isa = PBXResourcesBuildPhase;
			buildActionMask = 2147483647;
			files = (
			);
			runOnlyForDeploymentPostprocessing = 0;
		};
/* End PBXResourcesBuildPhase section */

/* Begin PBXSourcesBuildPhase section */
		CE841A0920EE1B010058B5D4 /* Sources */ = {
			isa = PBXSourcesBuildPhase;
			buildActionMask = 2147483647;
			files = (
				CE841A1320EE1B010058B5D4 /* ViewController.swift in Sources */,
				CE841A1120EE1B010058B5D4 /* AppDelegate.swift in Sources */,
			);
			runOnlyForDeploymentPostprocessing = 0;
		};
		CE841A1D20EE1B020058B5D4 /* Sources */ = {
			isa = PBXSourcesBuildPhase;
			buildActionMask = 2147483647;
			files = (
				CE841A2620EE1B020058B5D4 /* QuizTests.swift in Sources */,
			);
			runOnlyForDeploymentPostprocessing = 0;
		};
		CE841A2820EE1B020058B5D4 /* Sources */ = {
			isa = PBXSourcesBuildPhase;
			buildActionMask = 2147483647;
			files = (
				CE841A3120EE1B020058B5D4 /* QuizUITests.swift in Sources */,
			);
			runOnlyForDeploymentPostprocessing = 0;
		};
/* End PBXSourcesBuildPhase section */

/* Begin PBXTargetDependency section */
		CE841A2320EE1B020058B5D4 /* PBXTargetDependency */ = {
			isa = PBXTargetDependency;
			target = CE841A0C20EE1B010058B5D4 /* Quiz */;
			targetProxy = CE841A2220EE1B020058B5D4 /* PBXContainerItemProxy */;
		};
		CE841A2E20EE1B020058B5D4 /* PBXTargetDependency */ = {
			isa = PBXTargetDependency;
			target = CE841A0C20EE1B010058B5D4 /* Quiz */;
			targetProxy = CE841A2D20EE1B020058B5D4 /* PBXContainerItemProxy */;
		};
/* End PBXTargetDependency section */

/* Begin PBXVariantGroup section */
		CE841A1420EE1B010058B5D4 /* Main.storyboard */ = {
			isa = PBXVariantGroup;
			children = (
				CE841A1520EE1B010058B5D4 /* Base */,
			);
			name = Main.storyboard;
			sourceTree = "<group>";
		};
		CE841A1920EE1B020058B5D4 /* LaunchScreen.storyboard */ = {
			isa = PBXVariantGroup;
			children = (
				CE841A1A20EE1B020058B5D4 /* Base */,
			);
			name = LaunchScreen.storyboard;
			sourceTree = "<group>";
		};
/* End PBXVariantGroup section */

/* Begin XCBuildConfiguration section */
		CE841A3320EE1B020058B5D4 /* Debug */ = {
			isa = XCBuildConfiguration;
			buildSettings = {
				ALWAYS_SEARCH_USER_PATHS = NO;
				CLANG_ANALYZER_NONNULL = YES;
				CLANG_ANALYZER_NUMBER_OBJECT_CONVERSION = YES_AGGRESSIVE;
				CLANG_CXX_LANGUAGE_STANDARD = "gnu++14";
				CLANG_CXX_LIBRARY = "libc++";
				CLANG_ENABLE_MODULES = YES;
				CLANG_ENABLE_OBJC_ARC = YES;
				CLANG_ENABLE_OBJC_WEAK = YES;
				CLANG_WARN_BLOCK_CAPTURE_AUTORELEASING = YES;
				CLANG_WARN_BOOL_CONVERSION = YES;
				CLANG_WARN_COMMA = YES;
				CLANG_WARN_CONSTANT_CONVERSION = YES;
				CLANG_WARN_DEPRECATED_OBJC_IMPLEMENTATIONS = YES;
				CLANG_WARN_DIRECT_OBJC_ISA_USAGE = YES_ERROR;
				CLANG_WARN_DOCUMENTATION_COMMENTS = YES;
				CLANG_WARN_EMPTY_BODY = YES;
				CLANG_WARN_ENUM_CONVERSION = YES;
				CLANG_WARN_INFINITE_RECURSION = YES;
				CLANG_WARN_INT_CONVERSION = YES;
				CLANG_WARN_NON_LITERAL_NULL_CONVERSION = YES;
				CLANG_WARN_OBJC_IMPLICIT_RETAIN_SELF = YES;
				CLANG_WARN_OBJC_LITERAL_CONVERSION = YES;
				CLANG_WARN_OBJC_ROOT_CLASS = YES_ERROR;
				CLANG_WARN_RANGE_LOOP_ANALYSIS = YES;
				CLANG_WARN_STRICT_PROTOTYPES = YES;
				CLANG_WARN_SUSPICIOUS_MOVE = YES;
				CLANG_WARN_UNGUARDED_AVAILABILITY = YES_AGGRESSIVE;
				CLANG_WARN_UNREACHABLE_CODE = YES;
				CLANG_WARN__DUPLICATE_METHOD_MATCH = YES;
				CODE_SIGN_IDENTITY = "iPhone Developer";
				COPY_PHASE_STRIP = NO;
				DEBUG_INFORMATION_FORMAT = dwarf;
				ENABLE_STRICT_OBJC_MSGSEND = YES;
				ENABLE_TESTABILITY = YES;
				GCC_C_LANGUAGE_STANDARD = gnu11;
				GCC_DYNAMIC_NO_PIC = NO;
				GCC_NO_COMMON_BLOCKS = YES;
				GCC_OPTIMIZATION_LEVEL = 0;
				GCC_PREPROCESSOR_DEFINITIONS = (
					"DEBUG=1",
					"$(inherited)",
				);
				GCC_WARN_64_TO_32_BIT_CONVERSION = YES;
				GCC_WARN_ABOUT_RETURN_TYPE = YES_ERROR;
				GCC_WARN_UNDECLARED_SELECTOR = YES;
				GCC_WARN_UNINITIALIZED_AUTOS = YES_AGGRESSIVE;
				GCC_WARN_UNUSED_FUNCTION = YES;
				GCC_WARN_UNUSED_VARIABLE = YES;
				IPHONEOS_DEPLOYMENT_TARGET = 11.4;
				MTL_ENABLE_DEBUG_INFO = YES;
				ONLY_ACTIVE_ARCH = YES;
				SDKROOT = iphoneos;
				SWIFT_ACTIVE_COMPILATION_CONDITIONS = DEBUG;
				SWIFT_OPTIMIZATION_LEVEL = "-Onone";
			};
			name = Debug;
		};
		CE841A3420EE1B020058B5D4 /* Release */ = {
			isa = XCBuildConfiguration;
			buildSettings = {
				ALWAYS_SEARCH_USER_PATHS = NO;
				CLANG_ANALYZER_NONNULL = YES;
				CLANG_ANALYZER_NUMBER_OBJECT_CONVERSION = YES_AGGRESSIVE;
				CLANG_CXX_LANGUAGE_STANDARD = "gnu++14";
				CLANG_CXX_LIBRARY = "libc++";
				CLANG_ENABLE_MODULES = YES;
				CLANG_ENABLE_OBJC_ARC = YES;
				CLANG_ENABLE_OBJC_WEAK = YES;
				CLANG_WARN_BLOCK_CAPTURE_AUTORELEASING = YES;
				CLANG_WARN_BOOL_CONVERSION = YES;
				CLANG_WARN_COMMA = YES;
				CLANG_WARN_CONSTANT_CONVERSION = YES;
				CLANG_WARN_DEPRECATED_OBJC_IMPLEMENTATIONS = YES;
				CLANG_WARN_DIRECT_OBJC_ISA_USAGE = YES_ERROR;
				CLANG_WARN_DOCUMENTATION_COMMENTS = YES;
				CLANG_WARN_EMPTY_BODY = YES;
				CLANG_WARN_ENUM_CONVERSION = YES;
				CLANG_WARN_INFINITE_RECURSION = YES;
				CLANG_WARN_INT_CONVERSION = YES;
				CLANG_WARN_NON_LITERAL_NULL_CONVERSION = YES;
				CLANG_WARN_OBJC_IMPLICIT_RETAIN_SELF = YES;
				CLANG_WARN_OBJC_LITERAL_CONVERSION = YES;
				CLANG_WARN_OBJC_ROOT_CLASS = YES_ERROR;
				CLANG_WARN_RANGE_LOOP_ANALYSIS = YES;
				CLANG_WARN_STRICT_PROTOTYPES = YES;
				CLANG_WARN_SUSPICIOUS_MOVE = YES;
				CLANG_WARN_UNGUARDED_AVAILABILITY = YES_AGGRESSIVE;
				CLANG_WARN_UNREACHABLE_CODE = YES;
				CLANG_WARN__DUPLICATE_METHOD_MATCH = YES;
				CODE_SIGN_IDENTITY = "iPhone Developer";
				COPY_PHASE_STRIP = NO;
				DEBUG_INFORMATION_FORMAT = "dwarf-with-dsym";
				ENABLE_NS_ASSERTIONS = NO;
				ENABLE_STRICT_OBJC_MSGSEND = YES;
				GCC_C_LANGUAGE_STANDARD = gnu11;
				GCC_NO_COMMON_BLOCKS = YES;
				GCC_WARN_64_TO_32_BIT_CONVERSION = YES;
				GCC_WARN_ABOUT_RETURN_TYPE = YES_ERROR;
				GCC_WARN_UNDECLARED_SELECTOR = YES;
				GCC_WARN_UNINITIALIZED_AUTOS = YES_AGGRESSIVE;
				GCC_WARN_UNUSED_FUNCTION = YES;
				GCC_WARN_UNUSED_VARIABLE = YES;
				IPHONEOS_DEPLOYMENT_TARGET = 11.4;
				MTL_ENABLE_DEBUG_INFO = NO;
				SDKROOT = iphoneos;
				SWIFT_COMPILATION_MODE = wholemodule;
				SWIFT_OPTIMIZATION_LEVEL = "-O";
				VALIDATE_PRODUCT = YES;
			};
			name = Release;
		};
		CE841A3620EE1B020058B5D4 /* Debug */ = {
			isa = XCBuildConfiguration;
			buildSettings = {
				ASSETCATALOG_COMPILER_APPICON_NAME = AppIcon;
				CODE_SIGN_STYLE = Automatic;
				INFOPLIST_FILE = Quiz/Info.plist;
				LD_RUNPATH_SEARCH_PATHS = (
					"$(inherited)",
					"@executable_path/Frameworks",
				);
				PRODUCT_BUNDLE_IDENTIFIER = com.yeongho.Quiz;
				PRODUCT_NAME = "$(TARGET_NAME)";
				SWIFT_VERSION = 4.0;
				TARGETED_DEVICE_FAMILY = "1,2";
			};
			name = Debug;
		};
		CE841A3720EE1B020058B5D4 /* Release */ = {
			isa = XCBuildConfiguration;
			buildSettings = {
				ASSETCATALOG_COMPILER_APPICON_NAME = AppIcon;
				CODE_SIGN_STYLE = Automatic;
				INFOPLIST_FILE = Quiz/Info.plist;
				LD_RUNPATH_SEARCH_PATHS = (
					"$(inherited)",
					"@executable_path/Frameworks",
				);
				PRODUCT_BUNDLE_IDENTIFIER = com.yeongho.Quiz;
				PRODUCT_NAME = "$(TARGET_NAME)";
				SWIFT_VERSION = 4.0;
				TARGETED_DEVICE_FAMILY = "1,2";
			};
			name = Release;
		};
		CE841A3920EE1B020058B5D4 /* Debug */ = {
			isa = XCBuildConfiguration;
			buildSettings = {
				ALWAYS_EMBED_SWIFT_STANDARD_LIBRARIES = YES;
				BUNDLE_LOADER = "$(TEST_HOST)";
				CODE_SIGN_STYLE = Automatic;
				INFOPLIST_FILE = QuizTests/Info.plist;
				LD_RUNPATH_SEARCH_PATHS = (
					"$(inherited)",
					"@executable_path/Frameworks",
					"@loader_path/Frameworks",
				);
				PRODUCT_BUNDLE_IDENTIFIER = com.yeongho.QuizTests;
				PRODUCT_NAME = "$(TARGET_NAME)";
				SWIFT_VERSION = 4.0;
				TARGETED_DEVICE_FAMILY = "1,2";
				TEST_HOST = "$(BUILT_PRODUCTS_DIR)/Quiz.app/Quiz";
			};
			name = Debug;
		};
		CE841A3A20EE1B020058B5D4 /* Release */ = {
			isa = XCBuildConfiguration;
			buildSettings = {
				ALWAYS_EMBED_SWIFT_STANDARD_LIBRARIES = YES;
				BUNDLE_LOADER = "$(TEST_HOST)";
				CODE_SIGN_STYLE = Automatic;
				INFOPLIST_FILE = QuizTests/Info.plist;
				LD_RUNPATH_SEARCH_PATHS = (
					"$(inherited)",
					"@executable_path/Frameworks",
					"@loader_path/Frameworks",
				);
				PRODUCT_BUNDLE_IDENTIFIER = com.yeongho.QuizTests;
				PRODUCT_NAME = "$(TARGET_NAME)";
				SWIFT_VERSION = 4.0;
				TARGETED_DEVICE_FAMILY = "1,2";
				TEST_HOST = "$(BUILT_PRODUCTS_DIR)/Quiz.app/Quiz";
			};
			name = Release;
		};
		CE841A3C20EE1B020058B5D4 /* Debug */ = {
			isa = XCBuildConfiguration;
			buildSettings = {
				ALWAYS_EMBED_SWIFT_STANDARD_LIBRARIES = YES;
				CODE_SIGN_STYLE = Automatic;
				INFOPLIST_FILE = QuizUITests/Info.plist;
				LD_RUNPATH_SEARCH_PATHS = (
					"$(inherited)",
					"@executable_path/Frameworks",
					"@loader_path/Frameworks",
				);
				PRODUCT_BUNDLE_IDENTIFIER = com.yeongho.QuizUITests;
				PRODUCT_NAME = "$(TARGET_NAME)";
				SWIFT_VERSION = 4.0;
				TARGETED_DEVICE_FAMILY = "1,2";
				TEST_TARGET_NAME = Quiz;
			};
			name = Debug;
		};
		CE841A3D20EE1B020058B5D4 /* Release */ = {
			isa = XCBuildConfiguration;
			buildSettings = {
				ALWAYS_EMBED_SWIFT_STANDARD_LIBRARIES = YES;
				CODE_SIGN_STYLE = Automatic;
				INFOPLIST_FILE = QuizUITests/Info.plist;
				LD_RUNPATH_SEARCH_PATHS = (
					"$(inherited)",
					"@executable_path/Frameworks",
					"@loader_path/Frameworks",
				);
				PRODUCT_BUNDLE_IDENTIFIER = com.yeongho.QuizUITests;
				PRODUCT_NAME = "$(TARGET_NAME)";
				SWIFT_VERSION = 4.0;
				TARGETED_DEVICE_FAMILY = "1,2";
				TEST_TARGET_NAME = Quiz;
			};
			name = Release;
		};
/* End XCBuildConfiguration section */

/* Begin XCConfigurationList section */
		CE841A0820EE1B010058B5D4 /* Build configuration list for PBXProject "Quiz" */ = {
			isa = XCConfigurationList;
			buildConfigurations = (
				CE841A3320EE1B020058B5D4 /* Debug */,
				CE841A3420EE1B020058B5D4 /* Release */,
			);
			defaultConfigurationIsVisible = 0;
			defaultConfigurationName = Release;
		};
		CE841A3520EE1B020058B5D4 /* Build configuration list for PBXNativeTarget "Quiz" */ = {
			isa = XCConfigurationList;
			buildConfigurations = (
				CE841A3620EE1B020058B5D4 /* Debug */,
				CE841A3720EE1B020058B5D4 /* Release */,
			);
			defaultConfigurationIsVisible = 0;
			defaultConfigurationName = Release;
		};
		CE841A3820EE1B020058B5D4 /* Build configuration list for PBXNativeTarget "QuizTests" */ = {
			isa = XCConfigurationList;
			buildConfigurations = (
				CE841A3920EE1B020058B5D4 /* Debug */,
				CE841A3A20EE1B020058B5D4 /* Release */,
			);
			defaultConfigurationIsVisible = 0;
			defaultConfigurationName = Release;
		};
		CE841A3B20EE1B020058B5D4 /* Build configuration list for PBXNativeTarget "QuizUITests" */ = {
			isa = XCConfigurationList;
			buildConfigurations = (
				CE841A3C20EE1B020058B5D4 /* Debug */,
				CE841A3D20EE1B020058B5D4 /* Release */,
			);
			defaultConfigurationIsVisible = 0;
			defaultConfigurationName = Release;
		};
/* End XCConfigurationList section */
	};
	rootObject = CE841A0520EE1B010058B5D4 /* Project object */;
}
